{
  "requires": true,
  "lockfileVersion": 1,
  "dependencies": {
    "cryptography": {
      "version": "1.2.3",
      "resolved": "https://registry.npmjs.org/cryptography/-/cryptography-1.2.3.tgz",
      "integrity": "sha512-T3aCQGYU0z3+u+vzq3d2WhhHzk/XhxNoiohvWzNKsa62KoSzZ0U3gDHRB7GI8MUX7aFXH8Bru5iqGtZyOIx1HQ==",
      "requires": {
        "lodash": "4",
        "when": "3"
      }
    },
    "lodash": {
      "version": "4.17.20",
      "resolved": "https://registry.npmjs.org/lodash/-/lodash-4.17.20.tgz",
      "integrity": "sha512-PlhdFcillOINfeV7Ni6oF1TAEayyZBoZ8bcshTHqOYJYlrqzRK5hagpagky5o4HfCzzd1TRkXPMFq6cKk9rGmA=="
    },
    "when": {
      "version": "3.7.8",
      "resolved": "https://registry.npmjs.org/when/-/when-3.7.8.tgz",
      "integrity": "sha1-xxMLan6gRpPoQs3J56Hyqjmjn4I="
    }
  }
}
